
Microsoft Visual Studio Solution File, Format Version 12.00
# Visual Studio Version 16
VisualStudioVersion = 16.0.30225.117
MinimumVisualStudioVersion = 10.0.40219.1
Project("{9A19103F-16F7-4668-BE54-9A1E7A4F7556}") = "BlazorDemo", "BlazorDemo\BlazorDemo.csproj", "{DF8BDDE4-405F-4EEE-A431-A1CB0AB08964}"
EndProject
Project("{9A19103F-16F7-4668-BE54-9A1E7A4F7556}") = "BlazorDemo.Application", "BlazorDemo.Application\BlazorDemo.Application.csproj", "{8D0787C1-0EDC-4946-9E04-FDAEDCD5AF55}"
EndProject
Global
	GlobalSection(SolutionConfigurationPlatforms) = preSolution
		Debug|Any CPU = Debug|Any CPU
		Release|Any CPU = Release|Any CPU
	EndGlobalSection
	GlobalSection(ProjectConfigurationPlatforms) = postSolution
		{DF8BDDE4-405F-4EEE-A431-A1CB0AB08964}.Debug|Any CPU.ActiveCfg = Debug|Any CPU
		{DF8BDDE4-405F-4EEE-A431-A1CB0AB08964}.Debug|Any CPU.Build.0 = Debug|Any CPU
		{DF8BDDE4-405F-4EEE-A431-A1CB0AB08964}.Release|Any CPU.ActiveCfg = Release|Any CPU
		{DF8BDDE4-405F-4EEE-A431-A1CB0AB08964}.Release|Any CPU.Build.0 = Release|Any CPU
		{8D0787C1-0EDC-4946-9E04-FDAEDCD5AF55}.Debug|Any CPU.ActiveCfg = Debug|Any CPU
		{8D0787C1-0EDC-4946-9E04-FDAEDCD5AF55}.Debug|Any CPU.Build.0 = Debug|Any CPU
		{8D0787C1-0EDC-4946-9E04-FDAEDCD5AF55}.Release|Any CPU.ActiveCfg = Release|Any CPU
		{8D0787C1-0EDC-4946-9E04-FDAEDCD5AF55}.Release|Any CPU.Build.0 = Release|Any CPU
	EndGlobalSection
	GlobalSection(SolutionProperties) = preSolution
		HideSolutionNode = FALSE
	EndGlobalSection
	GlobalSection(ExtensibilityGlobals) = postSolution
		SolutionGuid = {3074F731-22CF-4DDD-B290-AECA424DA26D}
	EndGlobalSection
EndGlobal
